// !$*UTF8*$!
{
	archiveVersion = 1;
	classes = {
	};
	objectVersion = 48;
	objects = {

/* Begin PBXBuildFile section */
		0A16A9FC2020B69A00B02786 /* RequestedTableViewController.swift in Sources */ = {isa = PBXBuildFile; fileRef = 0A16A9FB2020B69A00B02786 /* RequestedTableViewController.swift */; };
		0A16AA022020C30500B02786 /* Request.swift in Sources */ = {isa = PBXBuildFile; fileRef = 0A16AA012020C30500B02786 /* Request.swift */; };
		0A16AA042020C77200B02786 /* RequestTableViewCell.swift in Sources */ = {isa = PBXBuildFile; fileRef = 0A16AA032020C77200B02786 /* RequestTableViewCell.swift */; };
		0A34060B2018DC92008212B6 /* ToiletDetailsViewController.swift in Sources */ = {isa = PBXBuildFile; fileRef = 0A34060A2018DC92008212B6 /* ToiletDetailsViewController.swift */; };
		0A34060F201A372F008212B6 /* MyRequestViewController.swift in Sources */ = {isa = PBXBuildFile; fileRef = 0A34060E201A372F008212B6 /* MyRequestViewController.swift */; };
		0A9FCD212003932800C39922 /* AppDelegate.swift in Sources */ = {isa = PBXBuildFile; fileRef = 0A9FCD202003932800C39922 /* AppDelegate.swift */; };
		0A9FCD262003932800C39922 /* Main.storyboard in Resources */ = {isa = PBXBuildFile; fileRef = 0A9FCD242003932800C39922 /* Main.storyboard */; };
		0A9FCD282003932800C39922 /* Assets.xcassets in Resources */ = {isa = PBXBuildFile; fileRef = 0A9FCD272003932800C39922 /* Assets.xcassets */; };
		0A9FCD2B2003932800C39922 /* LaunchScreen.storyboard in Resources */ = {isa = PBXBuildFile; fileRef = 0A9FCD292003932800C39922 /* LaunchScreen.storyboard */; };
		0AA2FA8A20077E8300F84DC8 /* mapStyle.swift in Sources */ = {isa = PBXBuildFile; fileRef = 0AA2FA8920077E8300F84DC8 /* mapStyle.swift */; };
		0AA2FA8D20078BB600F84DC8 /* SignUpViewController.swift in Sources */ = {isa = PBXBuildFile; fileRef = 0AA2FA8C20078BB600F84DC8 /* SignUpViewController.swift */; };
		0AA2FA8F200798B900F84DC8 /* CreateProfileViewController.swift in Sources */ = {isa = PBXBuildFile; fileRef = 0AA2FA8E200798B900F84DC8 /* CreateProfileViewController.swift */; };
		0AA2FA932007D7AE00F84DC8 /* CameraViewController.swift in Sources */ = {isa = PBXBuildFile; fileRef = 0AA2FA922007D7AE00F84DC8 /* CameraViewController.swift */; };
		0AA2FA95200CE98C00F84DC8 /* LogInViewController.swift in Sources */ = {isa = PBXBuildFile; fileRef = 0AA2FA94200CE98C00F84DC8 /* LogInViewController.swift */; };
		0AA2FA97200CF33200F84DC8 /* UserProfileViewController.swift in Sources */ = {isa = PBXBuildFile; fileRef = 0AA2FA96200CF33200F84DC8 /* UserProfileViewController.swift */; };
		0AA2FA9D200F755500F84DC8 /* Toilet.swift in Sources */ = {isa = PBXBuildFile; fileRef = 0AA2FA9C200F755500F84DC8 /* Toilet.swift */; };
		0AC4BEB22003A0150032A2A0 /* GoogleService-Info.plist in Resources */ = {isa = PBXBuildFile; fileRef = 0AC4BEB12003A0150032A2A0 /* GoogleService-Info.plist */; };
		0AF5A6932004D68B0083449F /* ToiletMapViewController.swift in Sources */ = {isa = PBXBuildFile; fileRef = 0AF5A6922004D68B0083449F /* ToiletMapViewController.swift */; };
		B38CC649CF8992E7F74024A5 /* Pods_DingDung.framework in Frameworks */ = {isa = PBXBuildFile; fileRef = 00F10A990C43DEFB99A17174 /* Pods_DingDung.framework */; };
/* End PBXBuildFile section */

/* Begin PBXFileReference section */
		00F10A990C43DEFB99A17174 /* Pods_DingDung.framework */ = {isa = PBXFileReference; explicitFileType = wrapper.framework; includeInIndex = 0; path = Pods_DingDung.framework; sourceTree = BUILT_PRODUCTS_DIR; };
		09EBC0DCCACF30D132E4D764 /* Pods-DingDung.debug.xcconfig */ = {isa = PBXFileReference; includeInIndex = 1; lastKnownFileType = text.xcconfig; name = "Pods-DingDung.debug.xcconfig"; path = "Pods/Target Support Files/Pods-DingDung/Pods-DingDung.debug.xcconfig"; sourceTree = "<group>"; };
		0A16A9FB2020B69A00B02786 /* RequestedTableViewController.swift */ = {isa = PBXFileReference; lastKnownFileType = sourcecode.swift; path = RequestedTableViewController.swift; sourceTree = "<group>"; };
		0A16AA012020C30500B02786 /* Request.swift */ = {isa = PBXFileReference; lastKnownFileType = sourcecode.swift; path = Request.swift; sourceTree = "<group>"; };
		0A16AA032020C77200B02786 /* RequestTableViewCell.swift */ = {isa = PBXFileReference; lastKnownFileType = sourcecode.swift; path = RequestTableViewCell.swift; sourceTree = "<group>"; };
		0A34060A2018DC92008212B6 /* ToiletDetailsViewController.swift */ = {isa = PBXFileReference; lastKnownFileType = sourcecode.swift; path = ToiletDetailsViewController.swift; sourceTree = "<group>"; };
		0A34060E201A372F008212B6 /* MyRequestViewController.swift */ = {isa = PBXFileReference; lastKnownFileType = sourcecode.swift; path = MyRequestViewController.swift; sourceTree = "<group>"; };
		0A9FCD1D2003932700C39922 /* DingDung.app */ = {isa = PBXFileReference; explicitFileType = wrapper.application; includeInIndex = 0; path = DingDung.app; sourceTree = BUILT_PRODUCTS_DIR; };
		0A9FCD202003932800C39922 /* AppDelegate.swift */ = {isa = PBXFileReference; lastKnownFileType = sourcecode.swift; path = AppDelegate.swift; sourceTree = "<group>"; };
		0A9FCD252003932800C39922 /* Base */ = {isa = PBXFileReference; lastKnownFileType = file.storyboard; name = Base; path = Base.lproj/Main.storyboard; sourceTree = "<group>"; };
		0A9FCD272003932800C39922 /* Assets.xcassets */ = {isa = PBXFileReference; lastKnownFileType = folder.assetcatalog; path = Assets.xcassets; sourceTree = "<group>"; };
		0A9FCD2A2003932800C39922 /* Base */ = {isa = PBXFileReference; lastKnownFileType = file.storyboard; name = Base; path = Base.lproj/LaunchScreen.storyboard; sourceTree = "<group>"; };
		0A9FCD2C2003932800C39922 /* Info.plist */ = {isa = PBXFileReference; lastKnownFileType = text.plist.xml; path = Info.plist; sourceTree = "<group>"; };
		0AA2FA8920077E8300F84DC8 /* mapStyle.swift */ = {isa = PBXFileReference; lastKnownFileType = sourcecode.swift; path = mapStyle.swift; sourceTree = "<group>"; };
		0AA2FA8C20078BB600F84DC8 /* SignUpViewController.swift */ = {isa = PBXFileReference; lastKnownFileType = sourcecode.swift; path = SignUpViewController.swift; sourceTree = "<group>"; };
		0AA2FA8E200798B900F84DC8 /* CreateProfileViewController.swift */ = {isa = PBXFileReference; lastKnownFileType = sourcecode.swift; path = CreateProfileViewController.swift; sourceTree = "<group>"; };
		0AA2FA922007D7AE00F84DC8 /* CameraViewController.swift */ = {isa = PBXFileReference; lastKnownFileType = sourcecode.swift; path = CameraViewController.swift; sourceTree = "<group>"; };
		0AA2FA94200CE98C00F84DC8 /* LogInViewController.swift */ = {isa = PBXFileReference; lastKnownFileType = sourcecode.swift; path = LogInViewController.swift; sourceTree = "<group>"; };
		0AA2FA96200CF33200F84DC8 /* UserProfileViewController.swift */ = {isa = PBXFileReference; lastKnownFileType = sourcecode.swift; path = UserProfileViewController.swift; sourceTree = "<group>"; };
		0AA2FA9C200F755500F84DC8 /* Toilet.swift */ = {isa = PBXFileReference; lastKnownFileType = sourcecode.swift; path = Toilet.swift; sourceTree = "<group>"; };
		0AC4BEB12003A0150032A2A0 /* GoogleService-Info.plist */ = {isa = PBXFileReference; fileEncoding = 4; lastKnownFileType = text.plist.xml; path = "GoogleService-Info.plist"; sourceTree = "<group>"; };
		0AF5A6922004D68B0083449F /* ToiletMapViewController.swift */ = {isa = PBXFileReference; lastKnownFileType = sourcecode.swift; path = ToiletMapViewController.swift; sourceTree = "<group>"; };
		CBE6EC6374F9ACF0486C8175 /* Pods-DingDung.release.xcconfig */ = {isa = PBXFileReference; includeInIndex = 1; lastKnownFileType = text.xcconfig; name = "Pods-DingDung.release.xcconfig"; path = "Pods/Target Support Files/Pods-DingDung/Pods-DingDung.release.xcconfig"; sourceTree = "<group>"; };
/* End PBXFileReference section */

/* Begin PBXFrameworksBuildPhase section */
		0A9FCD1A2003932700C39922 /* Frameworks */ = {
			isa = PBXFrameworksBuildPhase;
			buildActionMask = 2147483647;
			files = (
				B38CC649CF8992E7F74024A5 /* Pods_DingDung.framework in Frameworks */,
			);
			runOnlyForDeploymentPostprocessing = 0;
		};
/* End PBXFrameworksBuildPhase section */

/* Begin PBXGroup section */
		0A3406092018983C008212B6 /* Models */ = {
			isa = PBXGroup;
			children = (
				0AA2FA9C200F755500F84DC8 /* Toilet.swift */,
				0AA2FA8920077E8300F84DC8 /* mapStyle.swift */,
				0A16AA012020C30500B02786 /* Request.swift */,
			);
			path = Models;
			sourceTree = "<group>";
		};
		0A9FCD142003932700C39922 = {
			isa = PBXGroup;
			children = (
				0A9FCD1F2003932700C39922 /* DingDung */,
				0A9FCD1E2003932700C39922 /* Products */,
				8B9093D826C3C025DBE01ABE /* Pods */,
				C9CC12C5BC6B589891102511 /* Frameworks */,
			);
			sourceTree = "<group>";
		};
		0A9FCD1E2003932700C39922 /* Products */ = {
			isa = PBXGroup;
			children = (
				0A9FCD1D2003932700C39922 /* DingDung.app */,
			);
			name = Products;
			sourceTree = "<group>";
		};
		0A9FCD1F2003932700C39922 /* DingDung */ = {
			isa = PBXGroup;
			children = (
				0A9FCD202003932800C39922 /* AppDelegate.swift */,
				0A9FCD242003932800C39922 /* Main.storyboard */,
				0AA2FA8B20078B7400F84DC8 /* View Controllers */,
				0A3406092018983C008212B6 /* Models */,
				0A9FCD272003932800C39922 /* Assets.xcassets */,
				0A9FCD292003932800C39922 /* LaunchScreen.storyboard */,
				0A9FCD2C2003932800C39922 /* Info.plist */,
				0AC4BEB12003A0150032A2A0 /* GoogleService-Info.plist */,
			);
			path = DingDung;
			sourceTree = "<group>";
		};
		0AA2FA8B20078B7400F84DC8 /* View Controllers */ = {
			isa = PBXGroup;
			children = (
				0AA2FA94200CE98C00F84DC8 /* LogInViewController.swift */,
				0AA2FA8C20078BB600F84DC8 /* SignUpViewController.swift */,
				0AA2FA8E200798B900F84DC8 /* CreateProfileViewController.swift */,
				0AA2FA922007D7AE00F84DC8 /* CameraViewController.swift */,
				0AF5A6922004D68B0083449F /* ToiletMapViewController.swift */,
				0A34060A2018DC92008212B6 /* ToiletDetailsViewController.swift */,
				0AA2FA96200CF33200F84DC8 /* UserProfileViewController.swift */,
				0A34060E201A372F008212B6 /* MyRequestViewController.swift */,
				0A16A9FB2020B69A00B02786 /* RequestedTableViewController.swift */,
				0A16AA032020C77200B02786 /* RequestTableViewCell.swift */,
			);
			path = "View Controllers";
			sourceTree = "<group>";
		};
		8B9093D826C3C025DBE01ABE /* Pods */ = {
			isa = PBXGroup;
			children = (
				09EBC0DCCACF30D132E4D764 /* Pods-DingDung.debug.xcconfig */,
				CBE6EC6374F9ACF0486C8175 /* Pods-DingDung.release.xcconfig */,
			);
			name = Pods;
			sourceTree = "<group>";
		};
		C9CC12C5BC6B589891102511 /* Frameworks */ = {
			isa = PBXGroup;
			children = (
				00F10A990C43DEFB99A17174 /* Pods_DingDung.framework */,
			);
			name = Frameworks;
			sourceTree = "<group>";
		};
/* End PBXGroup section */

/* Begin PBXNativeTarget section */
		0A9FCD1C2003932700C39922 /* DingDung */ = {
			isa = PBXNativeTarget;
			buildConfigurationList = 0A9FCD2F2003932800C39922 /* Build configuration list for PBXNativeTarget "DingDung" */;
			buildPhases = (
				3928C038D86D6040C2230D4F /* [CP] Check Pods Manifest.lock */,
				0A9FCD192003932700C39922 /* Sources */,
				0A9FCD1A2003932700C39922 /* Frameworks */,
				0A9FCD1B2003932700C39922 /* Resources */,
				7114364AD01CF26ACD5DF6CC /* [CP] Embed Pods Frameworks */,
				B3F7F4F80EDABA1AAB41E4E7 /* [CP] Copy Pods Resources */,
			);
			buildRules = (
			);
			dependencies = (
			);
			name = DingDung;
			productName = DingDung;
			productReference = 0A9FCD1D2003932700C39922 /* DingDung.app */;
			productType = "com.apple.product-type.application";
		};
/* End PBXNativeTarget section */

/* Begin PBXProject section */
		0A9FCD152003932700C39922 /* Project object */ = {
			isa = PBXProject;
			attributes = {
				LastSwiftUpdateCheck = 0920;
				LastUpgradeCheck = 0920;
				ORGANIZATIONNAME = "Stefan Bonestroo";
				TargetAttributes = {
					0A9FCD1C2003932700C39922 = {
						CreatedOnToolsVersion = 9.2;
						ProvisioningStyle = Automatic;
					};
				};
			};
			buildConfigurationList = 0A9FCD182003932700C39922 /* Build configuration list for PBXProject "DingDung" */;
			compatibilityVersion = "Xcode 8.0";
			developmentRegion = en;
			hasScannedForEncodings = 0;
			knownRegions = (
				en,
				Base,
			);
			mainGroup = 0A9FCD142003932700C39922;
			productRefGroup = 0A9FCD1E2003932700C39922 /* Products */;
			projectDirPath = "";
			projectRoot = "";
			targets = (
				0A9FCD1C2003932700C39922 /* DingDung */,
			);
		};
/* End PBXProject section */

/* Begin PBXResourcesBuildPhase section */
		0A9FCD1B2003932700C39922 /* Resources */ = {
			isa = PBXResourcesBuildPhase;
			buildActionMask = 2147483647;
			files = (
				0A9FCD2B2003932800C39922 /* LaunchScreen.storyboard in Resources */,
				0AC4BEB22003A0150032A2A0 /* GoogleService-Info.plist in Resources */,
				0A9FCD282003932800C39922 /* Assets.xcassets in Resources */,
				0A9FCD262003932800C39922 /* Main.storyboard in Resources */,
			);
			runOnlyForDeploymentPostprocessing = 0;
		};
/* End PBXResourcesBuildPhase section */

/* Begin PBXShellScriptBuildPhase section */
		3928C038D86D6040C2230D4F /* [CP] Check Pods Manifest.lock */ = {
			isa = PBXShellScriptBuildPhase;
			buildActionMask = 2147483647;
			files = (
			);
			inputPaths = (
			);
			name = "[CP] Check Pods Manifest.lock";
			outputPaths = (
			);
			runOnlyForDeploymentPostprocessing = 0;
			shellPath = /bin/sh;
			shellScript = "diff \"${PODS_ROOT}/../Podfile.lock\" \"${PODS_ROOT}/Manifest.lock\" > /dev/null\nif [ $? != 0 ] ; then\n    # print error to STDERR\n    echo \"error: The sandbox is not in sync with the Podfile.lock. Run 'pod install' or update your CocoaPods installation.\" >&2\n    exit 1\nfi\n";
			showEnvVarsInLog = 0;
		};
		7114364AD01CF26ACD5DF6CC /* [CP] Embed Pods Frameworks */ = {
			isa = PBXShellScriptBuildPhase;
			buildActionMask = 2147483647;
			files = (
			);
			inputPaths = (
			);
			name = "[CP] Embed Pods Frameworks";
			outputPaths = (
			);
			runOnlyForDeploymentPostprocessing = 0;
			shellPath = /bin/sh;
			shellScript = "\"${SRCROOT}/Pods/Target Support Files/Pods-DingDung/Pods-DingDung-frameworks.sh\"\n";
			showEnvVarsInLog = 0;
		};
		B3F7F4F80EDABA1AAB41E4E7 /* [CP] Copy Pods Resources */ = {
			isa = PBXShellScriptBuildPhase;
			buildActionMask = 2147483647;
			files = (
			);
			inputPaths = (
			);
			name = "[CP] Copy Pods Resources";
			outputPaths = (
			);
			runOnlyForDeploymentPostprocessing = 0;
			shellPath = /bin/sh;
			shellScript = "\"${SRCROOT}/Pods/Target Support Files/Pods-DingDung/Pods-DingDung-resources.sh\"\n";
			showEnvVarsInLog = 0;
		};
/* End PBXShellScriptBuildPhase section */

/* Begin PBXSourcesBuildPhase section */
		0A9FCD192003932700C39922 /* Sources */ = {
			isa = PBXSourcesBuildPhase;
			buildActionMask = 2147483647;
			files = (
				0A16A9FC2020B69A00B02786 /* RequestedTableViewController.swift in Sources */,
				0AF5A6932004D68B0083449F /* ToiletMapViewController.swift in Sources */,
				0AA2FA97200CF33200F84DC8 /* UserProfileViewController.swift in Sources */,
				0A9FCD212003932800C39922 /* AppDelegate.swift in Sources */,
				0AA2FA8D20078BB600F84DC8 /* SignUpViewController.swift in Sources */,
				0A16AA022020C30500B02786 /* Request.swift in Sources */,
				0AA2FA9D200F755500F84DC8 /* Toilet.swift in Sources */,
				0A34060F201A372F008212B6 /* MyRequestViewController.swift in Sources */,
				0AA2FA95200CE98C00F84DC8 /* LogInViewController.swift in Sources */,
				0AA2FA8F200798B900F84DC8 /* CreateProfileViewController.swift in Sources */,
				0A16AA042020C77200B02786 /* RequestTableViewCell.swift in Sources */,
				0AA2FA8A20077E8300F84DC8 /* mapStyle.swift in Sources */,
				0A34060B2018DC92008212B6 /* ToiletDetailsViewController.swift in Sources */,
				0AA2FA932007D7AE00F84DC8 /* CameraViewController.swift in Sources */,
			);
			runOnlyForDeploymentPostprocessing = 0;
		};
/* End PBXSourcesBuildPhase section */

/* Begin PBXVariantGroup section */
		0A9FCD242003932800C39922 /* Main.storyboard */ = {
			isa = PBXVariantGroup;
			children = (
				0A9FCD252003932800C39922 /* Base */,
			);
			name = Main.storyboard;
			sourceTree = "<group>";
		};
		0A9FCD292003932800C39922 /* LaunchScreen.storyboard */ = {
			isa = PBXVariantGroup;
			children = (
				0A9FCD2A2003932800C39922 /* Base */,
			);
			name = LaunchScreen.storyboard;
			sourceTree = "<group>";
		};
/* End PBXVariantGroup section */

/* Begin XCBuildConfiguration section */
		0A9FCD2D2003932800C39922 /* Debug */ = {
			isa = XCBuildConfiguration;
			buildSettings = {
				ALWAYS_SEARCH_USER_PATHS = NO;
				CLANG_ANALYZER_NONNULL = YES;
				CLANG_ANALYZER_NUMBER_OBJECT_CONVERSION = YES_AGGRESSIVE;
				CLANG_CXX_LANGUAGE_STANDARD = "gnu++14";
				CLANG_CXX_LIBRARY = "libc++";
				CLANG_ENABLE_MODULES = YES;
				CLANG_ENABLE_OBJC_ARC = YES;
				CLANG_WARN_BLOCK_CAPTURE_AUTORELEASING = YES;
				CLANG_WARN_BOOL_CONVERSION = YES;
				CLANG_WARN_COMMA = YES;
				CLANG_WARN_CONSTANT_CONVERSION = YES;
				CLANG_WARN_DIRECT_OBJC_ISA_USAGE = YES_ERROR;
				CLANG_WARN_DOCUMENTATION_COMMENTS = YES;
				CLANG_WARN_EMPTY_BODY = YES;
				CLANG_WARN_ENUM_CONVERSION = YES;
				CLANG_WARN_INFINITE_RECURSION = YES;
				CLANG_WARN_INT_CONVERSION = YES;
				CLANG_WARN_NON_LITERAL_NULL_CONVERSION = YES;
				CLANG_WARN_OBJC_LITERAL_CONVERSION = YES;
				CLANG_WARN_OBJC_ROOT_CLASS = YES_ERROR;
				CLANG_WARN_RANGE_LOOP_ANALYSIS = YES;
				CLANG_WARN_STRICT_PROTOTYPES = YES;
				CLANG_WARN_SUSPICIOUS_MOVE = YES;
				CLANG_WARN_UNGUARDED_AVAILABILITY = YES_AGGRESSIVE;
				CLANG_WARN_UNREACHABLE_CODE = YES;
				CLANG_WARN__DUPLICATE_METHOD_MATCH = YES;
				CODE_SIGN_IDENTITY = "iPhone Developer";
				COPY_PHASE_STRIP = NO;
				DEBUG_INFORMATION_FORMAT = dwarf;
				ENABLE_STRICT_OBJC_MSGSEND = YES;
				ENABLE_TESTABILITY = YES;
				GCC_C_LANGUAGE_STANDARD = gnu11;
				GCC_DYNAMIC_NO_PIC = NO;
				GCC_NO_COMMON_BLOCKS = YES;
				GCC_OPTIMIZATION_LEVEL = 0;
				GCC_PREPROCESSOR_DEFINITIONS = (
					"DEBUG=1",
					"$(inherited)",
				);
				GCC_WARN_64_TO_32_BIT_CONVERSION = YES;
				GCC_WARN_ABOUT_RETURN_TYPE = YES_ERROR;
				GCC_WARN_UNDECLARED_SELECTOR = YES;
				GCC_WARN_UNINITIALIZED_AUTOS = YES_AGGRESSIVE;
				GCC_WARN_UNUSED_FUNCTION = YES;
				GCC_WARN_UNUSED_VARIABLE = YES;
				IPHONEOS_DEPLOYMENT_TARGET = 11.2;
				MTL_ENABLE_DEBUG_INFO = YES;
				ONLY_ACTIVE_ARCH = YES;
				SDKROOT = iphoneos;
				SWIFT_ACTIVE_COMPILATION_CONDITIONS = DEBUG;
				SWIFT_OPTIMIZATION_LEVEL = "-Onone";
			};
			name = Debug;
		};
		0A9FCD2E2003932800C39922 /* Release */ = {
			isa = XCBuildConfiguration;
			buildSettings = {
				ALWAYS_SEARCH_USER_PATHS = NO;
				CLANG_ANALYZER_NONNULL = YES;
				CLANG_ANALYZER_NUMBER_OBJECT_CONVERSION = YES_AGGRESSIVE;
				CLANG_CXX_LANGUAGE_STANDARD = "gnu++14";
				CLANG_CXX_LIBRARY = "libc++";
				CLANG_ENABLE_MODULES = YES;
				CLANG_ENABLE_OBJC_ARC = YES;
				CLANG_WARN_BLOCK_CAPTURE_AUTORELEASING = YES;
				CLANG_WARN_BOOL_CONVERSION = YES;
				CLANG_WARN_COMMA = YES;
				CLANG_WARN_CONSTANT_CONVERSION = YES;
				CLANG_WARN_DIRECT_OBJC_ISA_USAGE = YES_ERROR;
				CLANG_WARN_DOCUMENTATION_COMMENTS = YES;
				CLANG_WARN_EMPTY_BODY = YES;
				CLANG_WARN_ENUM_CONVERSION = YES;
				CLANG_WARN_INFINITE_RECURSION = YES;
				CLANG_WARN_INT_CONVERSION = YES;
				CLANG_WARN_NON_LITERAL_NULL_CONVERSION = YES;
				CLANG_WARN_OBJC_LITERAL_CONVERSION = YES;
				CLANG_WARN_OBJC_ROOT_CLASS = YES_ERROR;
				CLANG_WARN_RANGE_LOOP_ANALYSIS = YES;
				CLANG_WARN_STRICT_PROTOTYPES = YES;
				CLANG_WARN_SUSPICIOUS_MOVE = YES;
				CLANG_WARN_UNGUARDED_AVAILABILITY = YES_AGGRESSIVE;
				CLANG_WARN_UNREACHABLE_CODE = YES;
				CLANG_WARN__DUPLICATE_METHOD_MATCH = YES;
				CODE_SIGN_IDENTITY = "iPhone Developer";
				COPY_PHASE_STRIP = NO;
				DEBUG_INFORMATION_FORMAT = "dwarf-with-dsym";
				ENABLE_NS_ASSERTIONS = NO;
				ENABLE_STRICT_OBJC_MSGSEND = YES;
				GCC_C_LANGUAGE_STANDARD = gnu11;
				GCC_NO_COMMON_BLOCKS = YES;
				GCC_WARN_64_TO_32_BIT_CONVERSION = YES;
				GCC_WARN_ABOUT_RETURN_TYPE = YES_ERROR;
				GCC_WARN_UNDECLARED_SELECTOR = YES;
				GCC_WARN_UNINITIALIZED_AUTOS = YES_AGGRESSIVE;
				GCC_WARN_UNUSED_FUNCTION = YES;
				GCC_WARN_UNUSED_VARIABLE = YES;
				IPHONEOS_DEPLOYMENT_TARGET = 11.2;
				MTL_ENABLE_DEBUG_INFO = NO;
				SDKROOT = iphoneos;
				SWIFT_OPTIMIZATION_LEVEL = "-Owholemodule";
				VALIDATE_PRODUCT = YES;
			};
			name = Release;
		};
		0A9FCD302003932800C39922 /* Debug */ = {
			isa = XCBuildConfiguration;
			baseConfigurationReference = 09EBC0DCCACF30D132E4D764 /* Pods-DingDung.debug.xcconfig */;
			buildSettings = {
				ASSETCATALOG_COMPILER_APPICON_NAME = AppIcon;
				CODE_SIGN_STYLE = Automatic;
				DEVELOPMENT_TEAM = 2MVHCTDBU9;
				INFOPLIST_FILE = DingDung/Info.plist;
				LD_RUNPATH_SEARCH_PATHS = "$(inherited) @executable_path/Frameworks";
				PRODUCT_BUNDLE_IDENTIFIER = com.appjesvanstefan.DingDung;
				PRODUCT_NAME = "$(TARGET_NAME)";
				SWIFT_VERSION = 4.0;
				TARGETED_DEVICE_FAMILY = "1,2";
			};
			name = Debug;
		};
		0A9FCD312003932800C39922 /* Release */ = {
			isa = XCBuildConfiguration;
			baseConfigurationReference = CBE6EC6374F9ACF0486C8175 /* Pods-DingDung.release.xcconfig */;
			buildSettings = {
				ASSETCATALOG_COMPILER_APPICON_NAME = AppIcon;
				CODE_SIGN_STYLE = Automatic;
				DEVELOPMENT_TEAM = 2MVHCTDBU9;
				INFOPLIST_FILE = DingDung/Info.plist;
				LD_RUNPATH_SEARCH_PATHS = "$(inherited) @executable_path/Frameworks";
				PRODUCT_BUNDLE_IDENTIFIER = com.appjesvanstefan.DingDung;
				PRODUCT_NAME = "$(TARGET_NAME)";
				SWIFT_VERSION = 4.0;
				TARGETED_DEVICE_FAMILY = "1,2";
			};
			name = Release;
		};
/* End XCBuildConfiguration section */

/* Begin XCConfigurationList section */
		0A9FCD182003932700C39922 /* Build configuration list for PBXProject "DingDung" */ = {
			isa = XCConfigurationList;
			buildConfigurations = (
				0A9FCD2D2003932800C39922 /* Debug */,
				0A9FCD2E2003932800C39922 /* Release */,
			);
			defaultConfigurationIsVisible = 0;
			defaultConfigurationName = Release;
		};
		0A9FCD2F2003932800C39922 /* Build configuration list for PBXNativeTarget "DingDung" */ = {
			isa = XCConfigurationList;
			buildConfigurations = (
				0A9FCD302003932800C39922 /* Debug */,
				0A9FCD312003932800C39922 /* Release */,
			);
			defaultConfigurationIsVisible = 0;
			defaultConfigurationName = Release;
		};
/* End XCConfigurationList section */
	};
	rootObject = 0A9FCD152003932700C39922 /* Project object */;
}
